
Microsoft Visual Studio Solution File, Format Version 12.00
# Visual Studio Version 17
VisualStudioVersion = 17.8.34525.116
MinimumVisualStudioVersion = 10.0.40219.1
Project("{9A19103F-16F7-4668-BE54-9A1E7A4F7556}") = "ImGui.3D", "ImGui.3D\ImGui.3D.csproj", "{3256DB6F-6C85-44C1-96EC-E266ED5EA765}"
EndProject
Project("{9A19103F-16F7-4668-BE54-9A1E7A4F7556}") = "THREE.OpenGL", "three-dotnet\THREE.OpenGL\THREE.OpenGL.csproj", "{AF09FED0-AEA5-460F-8327-9FC63E4A2CD5}"
EndProject
Project("{9A19103F-16F7-4668-BE54-9A1E7A4F7556}") = "THREE", "three-dotnet\THREE\THREE.csproj", "{26811EB2-11D0-447E-A57F-5B7D2F9D2C68}"
EndProject
Project("{9A19103F-16F7-4668-BE54-9A1E7A4F7556}") = "ImGui.SdlCs", "imgui-sdlcs\ImGui.SdlCs\ImGui.SdlCs.csproj", "{8BD3FCA1-0D68-409B-9957-427AAB9F7B86}"
EndProject
Project("{FAE04EC0-301F-11D3-BF4B-00C04F79EFBC}") = "urdf-loader", "urdf-loader\urdf-loader.csproj", "{11A82D4B-4418-4B9B-8ECE-496BBECBA6B9}"
EndProject
Global
	GlobalSection(SolutionConfigurationPlatforms) = preSolution
		Debug|Any CPU = Debug|Any CPU
		Release|Any CPU = Release|Any CPU
	EndGlobalSection
	GlobalSection(ProjectConfigurationPlatforms) = postSolution
		{3256DB6F-6C85-44C1-96EC-E266ED5EA765}.Debug|Any CPU.ActiveCfg = Debug|Any CPU
		{3256DB6F-6C85-44C1-96EC-E266ED5EA765}.Debug|Any CPU.Build.0 = Debug|Any CPU
		{3256DB6F-6C85-44C1-96EC-E266ED5EA765}.Release|Any CPU.ActiveCfg = Release|Any CPU
		{3256DB6F-6C85-44C1-96EC-E266ED5EA765}.Release|Any CPU.Build.0 = Release|Any CPU
		{AF09FED0-AEA5-460F-8327-9FC63E4A2CD5}.Debug|Any CPU.ActiveCfg = Debug|Any CPU
		{AF09FED0-AEA5-460F-8327-9FC63E4A2CD5}.Debug|Any CPU.Build.0 = Debug|Any CPU
		{AF09FED0-AEA5-460F-8327-9FC63E4A2CD5}.Release|Any CPU.ActiveCfg = Release|Any CPU
		{AF09FED0-AEA5-460F-8327-9FC63E4A2CD5}.Release|Any CPU.Build.0 = Release|Any CPU
		{26811EB2-11D0-447E-A57F-5B7D2F9D2C68}.Debug|Any CPU.ActiveCfg = Debug|Any CPU
		{26811EB2-11D0-447E-A57F-5B7D2F9D2C68}.Debug|Any CPU.Build.0 = Debug|Any CPU
		{26811EB2-11D0-447E-A57F-5B7D2F9D2C68}.Release|Any CPU.ActiveCfg = Release|Any CPU
		{26811EB2-11D0-447E-A57F-5B7D2F9D2C68}.Release|Any CPU.Build.0 = Release|Any CPU
		{8BD3FCA1-0D68-409B-9957-427AAB9F7B86}.Debug|Any CPU.ActiveCfg = Debug|Any CPU
		{8BD3FCA1-0D68-409B-9957-427AAB9F7B86}.Debug|Any CPU.Build.0 = Debug|Any CPU
		{8BD3FCA1-0D68-409B-9957-427AAB9F7B86}.Release|Any CPU.ActiveCfg = Release|Any CPU
		{8BD3FCA1-0D68-409B-9957-427AAB9F7B86}.Release|Any CPU.Build.0 = Release|Any CPU
		{11A82D4B-4418-4B9B-8ECE-496BBECBA6B9}.Debug|Any CPU.ActiveCfg = Debug|Any CPU
		{11A82D4B-4418-4B9B-8ECE-496BBECBA6B9}.Debug|Any CPU.Build.0 = Debug|Any CPU
		{11A82D4B-4418-4B9B-8ECE-496BBECBA6B9}.Release|Any CPU.ActiveCfg = Release|Any CPU
		{11A82D4B-4418-4B9B-8ECE-496BBECBA6B9}.Release|Any CPU.Build.0 = Release|Any CPU
	EndGlobalSection
	GlobalSection(SolutionProperties) = preSolution
		HideSolutionNode = FALSE
	EndGlobalSection
	GlobalSection(ExtensibilityGlobals) = postSolution
		SolutionGuid = {4A1C7785-CCD0-4E8A-83B2-6920024B6A66}
	EndGlobalSection
EndGlobal
